
Microsoft Visual Studio Solution File, Format Version 12.00
# Visual Studio 15
VisualStudioVersion = 15.0.27130.2020
MinimumVisualStudioVersion = 10.0.40219.1
Project("{9A19103F-16F7-4668-BE54-9A1E7A4F7556}") = "NovaPoshtaAPI", "NovaPoshtaAPI\NovaPoshtaAPI.csproj", "{B84879D3-CD8B-4BD3-95E5-0444111CB8C3}"
EndProject
Project("{9A19103F-16F7-4668-BE54-9A1E7A4F7556}") = "NovaPoshtaAPI.Tests", "NovaPoshtaAPI.Tests\NovaPoshtaAPI.Tests.csproj", "{0644296D-2282-47C6-AC6E-7390A2060C18}"
	ProjectSection(ProjectDependencies) = postProject
		{B84879D3-CD8B-4BD3-95E5-0444111CB8C3} = {B84879D3-CD8B-4BD3-95E5-0444111CB8C3}
	EndProjectSection
EndProject
Global
	GlobalSection(SolutionConfigurationPlatforms) = preSolution
		Debug|Any CPU = Debug|Any CPU
		Release|Any CPU = Release|Any CPU
	EndGlobalSection
	GlobalSection(ProjectConfigurationPlatforms) = postSolution
		{B84879D3-CD8B-4BD3-95E5-0444111CB8C3}.Debug|Any CPU.ActiveCfg = Debug|Any CPU
		{B84879D3-CD8B-4BD3-95E5-0444111CB8C3}.Debug|Any CPU.Build.0 = Debug|Any CPU
		{B84879D3-CD8B-4BD3-95E5-0444111CB8C3}.Release|Any CPU.ActiveCfg = Release|Any CPU
		{B84879D3-CD8B-4BD3-95E5-0444111CB8C3}.Release|Any CPU.Build.0 = Release|Any CPU
		{0644296D-2282-47C6-AC6E-7390A2060C18}.Debug|Any CPU.ActiveCfg = Debug|Any CPU
		{0644296D-2282-47C6-AC6E-7390A2060C18}.Debug|Any CPU.Build.0 = Debug|Any CPU
		{0644296D-2282-47C6-AC6E-7390A2060C18}.Release|Any CPU.ActiveCfg = Release|Any CPU
		{0644296D-2282-47C6-AC6E-7390A2060C18}.Release|Any CPU.Build.0 = Release|Any CPU
	EndGlobalSection
	GlobalSection(SolutionProperties) = preSolution
		HideSolutionNode = FALSE
	EndGlobalSection
	GlobalSection(ExtensibilityGlobals) = postSolution
		SolutionGuid = {66787901-9093-46D1-84DF-50B4E1397F08}
	EndGlobalSection
EndGlobal
